
Microsoft Visual Studio Solution File, Format Version 12.00
# Visual Studio 15
VisualStudioVersion = 15.0.27019.1
MinimumVisualStudioVersion = 10.0.40219.1
Project("{9A19103F-16F7-4668-BE54-9A1E7A4F7556}") = "GhasedakApi.Core", "GhasedakApi.Core\GhasedakApi.Core.csproj", "{A49FA50D-D0F9-4103-876C-95E20F819D5D}"
EndProject
Global
	GlobalSection(SolutionConfigurationPlatforms) = preSolution
		Debug|Any CPU = Debug|Any CPU
		Release|Any CPU = Release|Any CPU
	EndGlobalSection
	GlobalSection(ProjectConfigurationPlatforms) = postSolution
		{A49FA50D-D0F9-4103-876C-95E20F819D5D}.Debug|Any CPU.ActiveCfg = Debug|Any CPU
		{A49FA50D-D0F9-4103-876C-95E20F819D5D}.Debug|Any CPU.Build.0 = Debug|Any CPU
		{A49FA50D-D0F9-4103-876C-95E20F819D5D}.Release|Any CPU.ActiveCfg = Release|Any CPU
		{A49FA50D-D0F9-4103-876C-95E20F819D5D}.Release|Any CPU.Build.0 = Release|Any CPU
	EndGlobalSection
	GlobalSection(SolutionProperties) = preSolution
		HideSolutionNode = FALSE
	EndGlobalSection
	GlobalSection(ExtensibilityGlobals) = postSolution
		SolutionGuid = {B299A602-5C70-4E4B-8872-B69EF7C63DD5}
	EndGlobalSection
EndGlobal
