
Microsoft Visual Studio Solution File, Format Version 12.00
# Visual Studio Version 16
VisualStudioVersion = 16.0.30114.105
MinimumVisualStudioVersion = 10.0.40219.1
Project("{9A19103F-16F7-4668-BE54-9A1E7A4F7556}") = "Ghasedak.Core", "Ghasedak.Core\Ghasedak.Core.csproj", "{FBB2E718-9F86-4449-A622-E2CB175A9B3A}"
EndProject
Project("{9A19103F-16F7-4668-BE54-9A1E7A4F7556}") = "ConsoleApp1", "ConsoleApp1\ConsoleApp1.csproj", "{8FCF2874-5919-489E-A1C6-08E66171112B}"
EndProject
Global
	GlobalSection(SolutionConfigurationPlatforms) = preSolution
		Debug|Any CPU = Debug|Any CPU
		Release|Any CPU = Release|Any CPU
	EndGlobalSection
	GlobalSection(ProjectConfigurationPlatforms) = postSolution
		{FBB2E718-9F86-4449-A622-E2CB175A9B3A}.Debug|Any CPU.ActiveCfg = Debug|Any CPU
		{FBB2E718-9F86-4449-A622-E2CB175A9B3A}.Debug|Any CPU.Build.0 = Debug|Any CPU
		{FBB2E718-9F86-4449-A622-E2CB175A9B3A}.Release|Any CPU.ActiveCfg = Release|Any CPU
		{FBB2E718-9F86-4449-A622-E2CB175A9B3A}.Release|Any CPU.Build.0 = Release|Any CPU
		{8FCF2874-5919-489E-A1C6-08E66171112B}.Debug|Any CPU.ActiveCfg = Debug|Any CPU
		{8FCF2874-5919-489E-A1C6-08E66171112B}.Debug|Any CPU.Build.0 = Debug|Any CPU
		{8FCF2874-5919-489E-A1C6-08E66171112B}.Release|Any CPU.ActiveCfg = Release|Any CPU
		{8FCF2874-5919-489E-A1C6-08E66171112B}.Release|Any CPU.Build.0 = Release|Any CPU
	EndGlobalSection
	GlobalSection(SolutionProperties) = preSolution
		HideSolutionNode = FALSE
	EndGlobalSection
	GlobalSection(ExtensibilityGlobals) = postSolution
		SolutionGuid = {B299A602-5C70-4E4B-8872-B69EF7C63DD5}
	EndGlobalSection
EndGlobal
